
Microsoft Visual Studio Solution File, Format Version 12.00
# Visual Studio 15
VisualStudioVersion = 15.0.28307.136
MinimumVisualStudioVersion = 10.0.40219.1
Project("{FAE04EC0-301F-11D3-BF4B-00C04F79EFBC}") = "ACE_Dashboard_2019", "ACE_Dashboard_2019\ACE_Dashboard_2019.csproj", "{04C6B356-49C1-49DC-A6B2-D95F63CEF849}"
EndProject
Global
	GlobalSection(SolutionConfigurationPlatforms) = preSolution
		Debug|Any CPU = Debug|Any CPU
		Release|Any CPU = Release|Any CPU
	EndGlobalSection
	GlobalSection(ProjectConfigurationPlatforms) = postSolution
		{04C6B356-49C1-49DC-A6B2-D95F63CEF849}.Debug|Any CPU.ActiveCfg = Debug|Any CPU
		{04C6B356-49C1-49DC-A6B2-D95F63CEF849}.Debug|Any CPU.Build.0 = Debug|Any CPU
		{04C6B356-49C1-49DC-A6B2-D95F63CEF849}.Release|Any CPU.ActiveCfg = Release|Any CPU
		{04C6B356-49C1-49DC-A6B2-D95F63CEF849}.Release|Any CPU.Build.0 = Release|Any CPU
	EndGlobalSection
	GlobalSection(SolutionProperties) = preSolution
		HideSolutionNode = FALSE
	EndGlobalSection
	GlobalSection(ExtensibilityGlobals) = postSolution
		SolutionGuid = {84E07AE7-D164-4167-AC1A-E7ECE93B5E19}
	EndGlobalSection
EndGlobal
